// !$*UTF8*$!
{
	archiveVersion = 1;
	classes = {
	};
	objectVersion = 56;
	objects = {

/* Begin PBXBuildFile section */
		F39F33A82BD9416C00FAE616 /* MyToDoSApp.swift in Sources */ = {isa = PBXBuildFile; fileRef = F39F33A72BD9416C00FAE616 /* MyToDoSApp.swift */; };
		F39F33AA2BD9416C00FAE616 /* MainView.swift in Sources */ = {isa = PBXBuildFile; fileRef = F39F33A92BD9416C00FAE616 /* MainView.swift */; };
		F39F33AC2BD9416D00FAE616 /* Assets.xcassets in Resources */ = {isa = PBXBuildFile; fileRef = F39F33AB2BD9416D00FAE616 /* Assets.xcassets */; };
		F39F33AF2BD9416D00FAE616 /* Preview Assets.xcassets in Resources */ = {isa = PBXBuildFile; fileRef = F39F33AE2BD9416D00FAE616 /* Preview Assets.xcassets */; };
		F39F33BA2BD941D000FAE616 /* LoginView.swift in Sources */ = {isa = PBXBuildFile; fileRef = F39F33B92BD941D000FAE616 /* LoginView.swift */; };
		F39F33BC2BD945E800FAE616 /* MainViewViewModel.swift in Sources */ = {isa = PBXBuildFile; fileRef = F39F33BB2BD945E800FAE616 /* MainViewViewModel.swift */; };
		F39F33BE2BD945F800FAE616 /* LoginViewViewModel.swift in Sources */ = {isa = PBXBuildFile; fileRef = F39F33BD2BD945F800FAE616 /* LoginViewViewModel.swift */; };
		F39F33C02BD9460700FAE616 /* RegistrationView.swift in Sources */ = {isa = PBXBuildFile; fileRef = F39F33BF2BD9460700FAE616 /* RegistrationView.swift */; };
		F39F33C22BD9461C00FAE616 /* RegistrationViewViewModel.swift in Sources */ = {isa = PBXBuildFile; fileRef = F39F33C12BD9461C00FAE616 /* RegistrationViewViewModel.swift */; };
		F39F33C52BD9476000FAE616 /* FirebaseAuth in Frameworks */ = {isa = PBXBuildFile; productRef = F39F33C42BD9476000FAE616 /* FirebaseAuth */; };
		F39F33C72BD9476000FAE616 /* FirebaseFirestore in Frameworks */ = {isa = PBXBuildFile; productRef = F39F33C62BD9476000FAE616 /* FirebaseFirestore */; };
		F39F33C92BD9476000FAE616 /* FirebaseFirestoreSwift in Frameworks */ = {isa = PBXBuildFile; productRef = F39F33C82BD9476000FAE616 /* FirebaseFirestoreSwift */; };
		F39F33CB2BD9491100FAE616 /* GoogleService-Info.plist in Resources */ = {isa = PBXBuildFile; fileRef = F39F33CA2BD9491100FAE616 /* GoogleService-Info.plist */; };
		F39F33CD2BD94B5F00FAE616 /* NewItemView.swift in Sources */ = {isa = PBXBuildFile; fileRef = F39F33CC2BD94B5F00FAE616 /* NewItemView.swift */; };
		F39F33CF2BD94B8300FAE616 /* ToDoListItemView.swift in Sources */ = {isa = PBXBuildFile; fileRef = F39F33CE2BD94B8200FAE616 /* ToDoListItemView.swift */; };
		F39F33D12BD94B9000FAE616 /* ToDoListView.swift in Sources */ = {isa = PBXBuildFile; fileRef = F39F33D02BD94B9000FAE616 /* ToDoListView.swift */; };
		F39F33D32BD94BF300FAE616 /* User.swift in Sources */ = {isa = PBXBuildFile; fileRef = F39F33D22BD94BF300FAE616 /* User.swift */; };
		F39F33D52BD94C0900FAE616 /* ToDoListItem.swift in Sources */ = {isa = PBXBuildFile; fileRef = F39F33D42BD94C0900FAE616 /* ToDoListItem.swift */; };
		F39F33D72BD94D5B00FAE616 /* HeaderView.swift in Sources */ = {isa = PBXBuildFile; fileRef = F39F33D62BD94D5B00FAE616 /* HeaderView.swift */; };
		F39F33D92BD9531B00FAE616 /* Color.swift in Sources */ = {isa = PBXBuildFile; fileRef = F39F33D82BD9531B00FAE616 /* Color.swift */; };
		F39F33DB2BD95B6900FAE616 /* CustomButtonView.swift in Sources */ = {isa = PBXBuildFile; fileRef = F39F33DA2BD95B6900FAE616 /* CustomButtonView.swift */; };
		F39F33DD2BDBFFD400FAE616 /* Extention.swift in Sources */ = {isa = PBXBuildFile; fileRef = F39F33DC2BDBFFD400FAE616 /* Extention.swift */; };
		F39F33E02BDC083D00FAE616 /* ToDoListItemViewViewModel.swift in Sources */ = {isa = PBXBuildFile; fileRef = F39F33DF2BDC083D00FAE616 /* ToDoListItemViewViewModel.swift */; };
		F39F33E22BDC084C00FAE616 /* ToDoListViewViewModel.swift in Sources */ = {isa = PBXBuildFile; fileRef = F39F33E12BDC084C00FAE616 /* ToDoListViewViewModel.swift */; };
		F39F33E42BDC087900FAE616 /* NewItemViewViewModel.swift in Sources */ = {isa = PBXBuildFile; fileRef = F39F33E32BDC087900FAE616 /* NewItemViewViewModel.swift */; };
/* End PBXBuildFile section */

/* Begin PBXFileReference section */
		F39F33A42BD9416C00FAE616 /* MyToDoS.app */ = {isa = PBXFileReference; explicitFileType = wrapper.application; includeInIndex = 0; path = MyToDoS.app; sourceTree = BUILT_PRODUCTS_DIR; };
		F39F33A72BD9416C00FAE616 /* MyToDoSApp.swift */ = {isa = PBXFileReference; lastKnownFileType = sourcecode.swift; path = MyToDoSApp.swift; sourceTree = "<group>"; };
		F39F33A92BD9416C00FAE616 /* MainView.swift */ = {isa = PBXFileReference; lastKnownFileType = sourcecode.swift; path = MainView.swift; sourceTree = "<group>"; };
		F39F33AB2BD9416D00FAE616 /* Assets.xcassets */ = {isa = PBXFileReference; lastKnownFileType = folder.assetcatalog; path = Assets.xcassets; sourceTree = "<group>"; };
		F39F33AE2BD9416D00FAE616 /* Preview Assets.xcassets */ = {isa = PBXFileReference; lastKnownFileType = folder.assetcatalog; path = "Preview Assets.xcassets"; sourceTree = "<group>"; };
		F39F33B92BD941D000FAE616 /* LoginView.swift */ = {isa = PBXFileReference; lastKnownFileType = sourcecode.swift; path = LoginView.swift; sourceTree = "<group>"; };
		F39F33BB2BD945E800FAE616 /* MainViewViewModel.swift */ = {isa = PBXFileReference; lastKnownFileType = sourcecode.swift; path = MainViewViewModel.swift; sourceTree = "<group>"; };
		F39F33BD2BD945F800FAE616 /* LoginViewViewModel.swift */ = {isa = PBXFileReference; lastKnownFileType = sourcecode.swift; path = LoginViewViewModel.swift; sourceTree = "<group>"; };
		F39F33BF2BD9460700FAE616 /* RegistrationView.swift */ = {isa = PBXFileReference; lastKnownFileType = sourcecode.swift; path = RegistrationView.swift; sourceTree = "<group>"; };
		F39F33C12BD9461C00FAE616 /* RegistrationViewViewModel.swift */ = {isa = PBXFileReference; lastKnownFileType = sourcecode.swift; path = RegistrationViewViewModel.swift; sourceTree = "<group>"; };
		F39F33CA2BD9491100FAE616 /* GoogleService-Info.plist */ = {isa = PBXFileReference; fileEncoding = 4; lastKnownFileType = text.plist.xml; path = "GoogleService-Info.plist"; sourceTree = "<group>"; };
		F39F33CC2BD94B5F00FAE616 /* NewItemView.swift */ = {isa = PBXFileReference; lastKnownFileType = sourcecode.swift; path = NewItemView.swift; sourceTree = "<group>"; };
		F39F33CE2BD94B8200FAE616 /* ToDoListItemView.swift */ = {isa = PBXFileReference; lastKnownFileType = sourcecode.swift; path = ToDoListItemView.swift; sourceTree = "<group>"; };
		F39F33D02BD94B9000FAE616 /* ToDoListView.swift */ = {isa = PBXFileReference; lastKnownFileType = sourcecode.swift; path = ToDoListView.swift; sourceTree = "<group>"; };
		F39F33D22BD94BF300FAE616 /* User.swift */ = {isa = PBXFileReference; lastKnownFileType = sourcecode.swift; path = User.swift; sourceTree = "<group>"; };
		F39F33D42BD94C0900FAE616 /* ToDoListItem.swift */ = {isa = PBXFileReference; lastKnownFileType = sourcecode.swift; path = ToDoListItem.swift; sourceTree = "<group>"; };
		F39F33D62BD94D5B00FAE616 /* HeaderView.swift */ = {isa = PBXFileReference; lastKnownFileType = sourcecode.swift; path = HeaderView.swift; sourceTree = "<group>"; };
		F39F33D82BD9531B00FAE616 /* Color.swift */ = {isa = PBXFileReference; lastKnownFileType = sourcecode.swift; path = Color.swift; sourceTree = "<group>"; };
		F39F33DA2BD95B6900FAE616 /* CustomButtonView.swift */ = {isa = PBXFileReference; lastKnownFileType = sourcecode.swift; path = CustomButtonView.swift; sourceTree = "<group>"; };
		F39F33DC2BDBFFD400FAE616 /* Extention.swift */ = {isa = PBXFileReference; lastKnownFileType = sourcecode.swift; path = Extention.swift; sourceTree = "<group>"; };
		F39F33DF2BDC083D00FAE616 /* ToDoListItemViewViewModel.swift */ = {isa = PBXFileReference; lastKnownFileType = sourcecode.swift; path = ToDoListItemViewViewModel.swift; sourceTree = "<group>"; };
		F39F33E12BDC084C00FAE616 /* ToDoListViewViewModel.swift */ = {isa = PBXFileReference; lastKnownFileType = sourcecode.swift; path = ToDoListViewViewModel.swift; sourceTree = "<group>"; };
		F39F33E32BDC087900FAE616 /* NewItemViewViewModel.swift */ = {isa = PBXFileReference; lastKnownFileType = sourcecode.swift; path = NewItemViewViewModel.swift; sourceTree = "<group>"; };
/* End PBXFileReference section */

/* Begin PBXFrameworksBuildPhase section */
		F39F33A12BD9416C00FAE616 /* Frameworks */ = {
			isa = PBXFrameworksBuildPhase;
			buildActionMask = 2147483647;
			files = (
				F39F33C52BD9476000FAE616 /* FirebaseAuth in Frameworks */,
				F39F33C72BD9476000FAE616 /* FirebaseFirestore in Frameworks */,
				F39F33C92BD9476000FAE616 /* FirebaseFirestoreSwift in Frameworks */,
			);
			runOnlyForDeploymentPostprocessing = 0;
		};
/* End PBXFrameworksBuildPhase section */

/* Begin PBXGroup section */
		F39F339B2BD9416C00FAE616 = {
			isa = PBXGroup;
			children = (
				F39F33A62BD9416C00FAE616 /* MyToDoS */,
				F39F33A52BD9416C00FAE616 /* Products */,
			);
			sourceTree = "<group>";
		};
		F39F33A52BD9416C00FAE616 /* Products */ = {
			isa = PBXGroup;
			children = (
				F39F33A42BD9416C00FAE616 /* MyToDoS.app */,
			);
			name = Products;
			sourceTree = "<group>";
		};
		F39F33A62BD9416C00FAE616 /* MyToDoS */ = {
			isa = PBXGroup;
			children = (
				F39F33B82BD941A300FAE616 /* Other */,
				F39F33B72BD9419D00FAE616 /* Model */,
				F39F33B62BD9419300FAE616 /* ViewModels */,
				F39F33B52BD9418B00FAE616 /* Views */,
				F39F33AD2BD9416D00FAE616 /* Preview Content */,
			);
			path = MyToDoS;
			sourceTree = "<group>";
		};
		F39F33AD2BD9416D00FAE616 /* Preview Content */ = {
			isa = PBXGroup;
			children = (
				F39F33AE2BD9416D00FAE616 /* Preview Assets.xcassets */,
			);
			path = "Preview Content";
			sourceTree = "<group>";
		};
		F39F33B52BD9418B00FAE616 /* Views */ = {
			isa = PBXGroup;
			children = (
				F39F33A92BD9416C00FAE616 /* MainView.swift */,
				F39F33B92BD941D000FAE616 /* LoginView.swift */,
				F39F33BF2BD9460700FAE616 /* RegistrationView.swift */,
				F39F33CC2BD94B5F00FAE616 /* NewItemView.swift */,
				F39F33CE2BD94B8200FAE616 /* ToDoListItemView.swift */,
				F39F33D02BD94B9000FAE616 /* ToDoListView.swift */,
				F39F33D62BD94D5B00FAE616 /* HeaderView.swift */,
				F39F33DA2BD95B6900FAE616 /* CustomButtonView.swift */,
			);
			path = Views;
			sourceTree = "<group>";
		};
		F39F33B62BD9419300FAE616 /* ViewModels */ = {
			isa = PBXGroup;
			children = (
				F39F33BB2BD945E800FAE616 /* MainViewViewModel.swift */,
				F39F33BD2BD945F800FAE616 /* LoginViewViewModel.swift */,
				F39F33C12BD9461C00FAE616 /* RegistrationViewViewModel.swift */,
				F39F33DF2BDC083D00FAE616 /* ToDoListItemViewViewModel.swift */,
				F39F33E12BDC084C00FAE616 /* ToDoListViewViewModel.swift */,
				F39F33E32BDC087900FAE616 /* NewItemViewViewModel.swift */,
			);
			path = ViewModels;
			sourceTree = "<group>";
		};
		F39F33B72BD9419D00FAE616 /* Model */ = {
			isa = PBXGroup;
			children = (
				F39F33D22BD94BF300FAE616 /* User.swift */,
				F39F33D42BD94C0900FAE616 /* ToDoListItem.swift */,
			);
			path = Model;
			sourceTree = "<group>";
		};
		F39F33B82BD941A300FAE616 /* Other */ = {
			isa = PBXGroup;
			children = (
				F39F33AB2BD9416D00FAE616 /* Assets.xcassets */,
				F39F33CA2BD9491100FAE616 /* GoogleService-Info.plist */,
				F39F33A72BD9416C00FAE616 /* MyToDoSApp.swift */,
				F39F33D82BD9531B00FAE616 /* Color.swift */,
				F39F33DC2BDBFFD400FAE616 /* Extention.swift */,
			);
			path = Other;
			sourceTree = "<group>";
		};
/* End PBXGroup section */

/* Begin PBXNativeTarget section */
		F39F33A32BD9416C00FAE616 /* MyToDoS */ = {
			isa = PBXNativeTarget;
			buildConfigurationList = F39F33B22BD9416D00FAE616 /* Build configuration list for PBXNativeTarget "MyToDoS" */;
			buildPhases = (
				F39F33A02BD9416C00FAE616 /* Sources */,
				F39F33A12BD9416C00FAE616 /* Frameworks */,
				F39F33A22BD9416C00FAE616 /* Resources */,
			);
			buildRules = (
			);
			dependencies = (
			);
			name = MyToDoS;
			packageProductDependencies = (
				F39F33C42BD9476000FAE616 /* FirebaseAuth */,
				F39F33C62BD9476000FAE616 /* FirebaseFirestore */,
				F39F33C82BD9476000FAE616 /* FirebaseFirestoreSwift */,
			);
			productName = MyToDoS;
			productReference = F39F33A42BD9416C00FAE616 /* MyToDoS.app */;
			productType = "com.apple.product-type.application";
		};
/* End PBXNativeTarget section */

/* Begin PBXProject section */
		F39F339C2BD9416C00FAE616 /* Project object */ = {
			isa = PBXProject;
			attributes = {
				BuildIndependentTargetsInParallel = 1;
				LastSwiftUpdateCheck = 1530;
				LastUpgradeCheck = 1530;
				TargetAttributes = {
					F39F33A32BD9416C00FAE616 = {
						CreatedOnToolsVersion = 15.3;
					};
				};
			};
			buildConfigurationList = F39F339F2BD9416C00FAE616 /* Build configuration list for PBXProject "MyToDoS" */;
			compatibilityVersion = "Xcode 14.0";
			developmentRegion = en;
			hasScannedForEncodings = 0;
			knownRegions = (
				en,
				Base,
			);
			mainGroup = F39F339B2BD9416C00FAE616;
			packageReferences = (
				F39F33C32BD9476000FAE616 /* XCRemoteSwiftPackageReference "firebase-ios-sdk" */,
			);
			productRefGroup = F39F33A52BD9416C00FAE616 /* Products */;
			projectDirPath = "";
			projectRoot = "";
			targets = (
				F39F33A32BD9416C00FAE616 /* MyToDoS */,
			);
		};
/* End PBXProject section */

/* Begin PBXResourcesBuildPhase section */
		F39F33A22BD9416C00FAE616 /* Resources */ = {
			isa = PBXResourcesBuildPhase;
			buildActionMask = 2147483647;
			files = (
				F39F33AF2BD9416D00FAE616 /* Preview Assets.xcassets in Resources */,
				F39F33AC2BD9416D00FAE616 /* Assets.xcassets in Resources */,
				F39F33CB2BD9491100FAE616 /* GoogleService-Info.plist in Resources */,
			);
			runOnlyForDeploymentPostprocessing = 0;
		};
/* End PBXResourcesBuildPhase section */

/* Begin PBXSourcesBuildPhase section */
		F39F33A02BD9416C00FAE616 /* Sources */ = {
			isa = PBXSourcesBuildPhase;
			buildActionMask = 2147483647;
			files = (
				F39F33DB2BD95B6900FAE616 /* CustomButtonView.swift in Sources */,
				F39F33CD2BD94B5F00FAE616 /* NewItemView.swift in Sources */,
				F39F33BE2BD945F800FAE616 /* LoginViewViewModel.swift in Sources */,
				F39F33D52BD94C0900FAE616 /* ToDoListItem.swift in Sources */,
				F39F33BA2BD941D000FAE616 /* LoginView.swift in Sources */,
				F39F33AA2BD9416C00FAE616 /* MainView.swift in Sources */,
				F39F33D12BD94B9000FAE616 /* ToDoListView.swift in Sources */,
				F39F33C02BD9460700FAE616 /* RegistrationView.swift in Sources */,
				F39F33DD2BDBFFD400FAE616 /* Extention.swift in Sources */,
				F39F33BC2BD945E800FAE616 /* MainViewViewModel.swift in Sources */,
				F39F33A82BD9416C00FAE616 /* MyToDoSApp.swift in Sources */,
				F39F33D92BD9531B00FAE616 /* Color.swift in Sources */,
				F39F33CF2BD94B8300FAE616 /* ToDoListItemView.swift in Sources */,
				F39F33E22BDC084C00FAE616 /* ToDoListViewViewModel.swift in Sources */,
				F39F33C22BD9461C00FAE616 /* RegistrationViewViewModel.swift in Sources */,
				F39F33E42BDC087900FAE616 /* NewItemViewViewModel.swift in Sources */,
				F39F33D32BD94BF300FAE616 /* User.swift in Sources */,
				F39F33D72BD94D5B00FAE616 /* HeaderView.swift in Sources */,
				F39F33E02BDC083D00FAE616 /* ToDoListItemViewViewModel.swift in Sources */,
			);
			runOnlyForDeploymentPostprocessing = 0;
		};
/* End PBXSourcesBuildPhase section */

/* Begin XCBuildConfiguration section */
		F39F33B02BD9416D00FAE616 /* Debug */ = {
			isa = XCBuildConfiguration;
			buildSettings = {
				ALWAYS_SEARCH_USER_PATHS = NO;
				ASSETCATALOG_COMPILER_GENERATE_SWIFT_ASSET_SYMBOL_EXTENSIONS = YES;
				CLANG_ANALYZER_NONNULL = YES;
				CLANG_ANALYZER_NUMBER_OBJECT_CONVERSION = YES_AGGRESSIVE;
				CLANG_CXX_LANGUAGE_STANDARD = "gnu++20";
				CLANG_ENABLE_MODULES = YES;
				CLANG_ENABLE_OBJC_ARC = YES;
				CLANG_ENABLE_OBJC_WEAK = YES;
				CLANG_WARN_BLOCK_CAPTURE_AUTORELEASING = YES;
				CLANG_WARN_BOOL_CONVERSION = YES;
				CLANG_WARN_COMMA = YES;
				CLANG_WARN_CONSTANT_CONVERSION = YES;
				CLANG_WARN_DEPRECATED_OBJC_IMPLEMENTATIONS = YES;
				CLANG_WARN_DIRECT_OBJC_ISA_USAGE = YES_ERROR;
				CLANG_WARN_DOCUMENTATION_COMMENTS = YES;
				CLANG_WARN_EMPTY_BODY = YES;
				CLANG_WARN_ENUM_CONVERSION = YES;
				CLANG_WARN_INFINITE_RECURSION = YES;
				CLANG_WARN_INT_CONVERSION = YES;
				CLANG_WARN_NON_LITERAL_NULL_CONVERSION = YES;
				CLANG_WARN_OBJC_IMPLICIT_RETAIN_SELF = YES;
				CLANG_WARN_OBJC_LITERAL_CONVERSION = YES;
				CLANG_WARN_OBJC_ROOT_CLASS = YES_ERROR;
				CLANG_WARN_QUOTED_INCLUDE_IN_FRAMEWORK_HEADER = YES;
				CLANG_WARN_RANGE_LOOP_ANALYSIS = YES;
				CLANG_WARN_STRICT_PROTOTYPES = YES;
				CLANG_WARN_SUSPICIOUS_MOVE = YES;
				CLANG_WARN_UNGUARDED_AVAILABILITY = YES_AGGRESSIVE;
				CLANG_WARN_UNREACHABLE_CODE = YES;
				CLANG_WARN__DUPLICATE_METHOD_MATCH = YES;
				COPY_PHASE_STRIP = NO;
				DEBUG_INFORMATION_FORMAT = dwarf;
				ENABLE_STRICT_OBJC_MSGSEND = YES;
				ENABLE_TESTABILITY = YES;
				ENABLE_USER_SCRIPT_SANDBOXING = YES;
				GCC_C_LANGUAGE_STANDARD = gnu17;
				GCC_DYNAMIC_NO_PIC = NO;
				GCC_NO_COMMON_BLOCKS = YES;
				GCC_OPTIMIZATION_LEVEL = 0;
				GCC_PREPROCESSOR_DEFINITIONS = (
					"DEBUG=1",
					"$(inherited)",
				);
				GCC_WARN_64_TO_32_BIT_CONVERSION = YES;
				GCC_WARN_ABOUT_RETURN_TYPE = YES_ERROR;
				GCC_WARN_UNDECLARED_SELECTOR = YES;
				GCC_WARN_UNINITIALIZED_AUTOS = YES_AGGRESSIVE;
				GCC_WARN_UNUSED_FUNCTION = YES;
				GCC_WARN_UNUSED_VARIABLE = YES;
				IPHONEOS_DEPLOYMENT_TARGET = 17.4;
				LOCALIZATION_PREFERS_STRING_CATALOGS = YES;
				MTL_ENABLE_DEBUG_INFO = INCLUDE_SOURCE;
				MTL_FAST_MATH = YES;
				ONLY_ACTIVE_ARCH = YES;
				SDKROOT = iphoneos;
				SWIFT_ACTIVE_COMPILATION_CONDITIONS = "DEBUG $(inherited)";
				SWIFT_OPTIMIZATION_LEVEL = "-Onone";
			};
			name = Debug;
		};
		F39F33B12BD9416D00FAE616 /* Release */ = {
			isa = XCBuildConfiguration;
			buildSettings = {
				ALWAYS_SEARCH_USER_PATHS = NO;
				ASSETCATALOG_COMPILER_GENERATE_SWIFT_ASSET_SYMBOL_EXTENSIONS = YES;
				CLANG_ANALYZER_NONNULL = YES;
				CLANG_ANALYZER_NUMBER_OBJECT_CONVERSION = YES_AGGRESSIVE;
				CLANG_CXX_LANGUAGE_STANDARD = "gnu++20";
				CLANG_ENABLE_MODULES = YES;
				CLANG_ENABLE_OBJC_ARC = YES;
				CLANG_ENABLE_OBJC_WEAK = YES;
				CLANG_WARN_BLOCK_CAPTURE_AUTORELEASING = YES;
				CLANG_WARN_BOOL_CONVERSION = YES;
				CLANG_WARN_COMMA = YES;
				CLANG_WARN_CONSTANT_CONVERSION = YES;
				CLANG_WARN_DEPRECATED_OBJC_IMPLEMENTATIONS = YES;
				CLANG_WARN_DIRECT_OBJC_ISA_USAGE = YES_ERROR;
				CLANG_WARN_DOCUMENTATION_COMMENTS = YES;
				CLANG_WARN_EMPTY_BODY = YES;
				CLANG_WARN_ENUM_CONVERSION = YES;
				CLANG_WARN_INFINITE_RECURSION = YES;
				CLANG_WARN_INT_CONVERSION = YES;
				CLANG_WARN_NON_LITERAL_NULL_CONVERSION = YES;
				CLANG_WARN_OBJC_IMPLICIT_RETAIN_SELF = YES;
				CLANG_WARN_OBJC_LITERAL_CONVERSION = YES;
				CLANG_WARN_OBJC_ROOT_CLASS = YES_ERROR;
				CLANG_WARN_QUOTED_INCLUDE_IN_FRAMEWORK_HEADER = YES;
				CLANG_WARN_RANGE_LOOP_ANALYSIS = YES;
				CLANG_WARN_STRICT_PROTOTYPES = YES;
				CLANG_WARN_SUSPICIOUS_MOVE = YES;
				CLANG_WARN_UNGUARDED_AVAILABILITY = YES_AGGRESSIVE;
				CLANG_WARN_UNREACHABLE_CODE = YES;
				CLANG_WARN__DUPLICATE_METHOD_MATCH = YES;
				COPY_PHASE_STRIP = NO;
				DEBUG_INFORMATION_FORMAT = "dwarf-with-dsym";
				ENABLE_NS_ASSERTIONS = NO;
				ENABLE_STRICT_OBJC_MSGSEND = YES;
				ENABLE_USER_SCRIPT_SANDBOXING = YES;
				GCC_C_LANGUAGE_STANDARD = gnu17;
				GCC_NO_COMMON_BLOCKS = YES;
				GCC_WARN_64_TO_32_BIT_CONVERSION = YES;
				GCC_WARN_ABOUT_RETURN_TYPE = YES_ERROR;
				GCC_WARN_UNDECLARED_SELECTOR = YES;
				GCC_WARN_UNINITIALIZED_AUTOS = YES_AGGRESSIVE;
				GCC_WARN_UNUSED_FUNCTION = YES;
				GCC_WARN_UNUSED_VARIABLE = YES;
				IPHONEOS_DEPLOYMENT_TARGET = 17.4;
				LOCALIZATION_PREFERS_STRING_CATALOGS = YES;
				MTL_ENABLE_DEBUG_INFO = NO;
				MTL_FAST_MATH = YES;
				SDKROOT = iphoneos;
				SWIFT_COMPILATION_MODE = wholemodule;
				VALIDATE_PRODUCT = YES;
			};
			name = Release;
		};
		F39F33B32BD9416D00FAE616 /* Debug */ = {
			isa = XCBuildConfiguration;
			buildSettings = {
				ASSETCATALOG_COMPILER_APPICON_NAME = AppIcon;
				ASSETCATALOG_COMPILER_GLOBAL_ACCENT_COLOR_NAME = AccentColor;
				CODE_SIGN_STYLE = Automatic;
				CURRENT_PROJECT_VERSION = 1;
				DEVELOPMENT_ASSET_PATHS = "\"MyToDoS/Preview Content\"";
				ENABLE_PREVIEWS = YES;
				GENERATE_INFOPLIST_FILE = YES;
				INFOPLIST_KEY_CFBundleDisplayName = ToDoS;
				INFOPLIST_KEY_UIApplicationSceneManifest_Generation = YES;
				INFOPLIST_KEY_UIApplicationSupportsIndirectInputEvents = YES;
				INFOPLIST_KEY_UILaunchScreen_Generation = YES;
				INFOPLIST_KEY_UISupportedInterfaceOrientations = UIInterfaceOrientationPortrait;
				LD_RUNPATH_SEARCH_PATHS = (
					"$(inherited)",
					"@executable_path/Frameworks",
				);
				MARKETING_VERSION = 1.0;
				PRODUCT_BUNDLE_IDENTIFIER = com.cipullogiuseppe.MyToDoS;
				PRODUCT_NAME = "$(TARGET_NAME)";
				SWIFT_EMIT_LOC_STRINGS = YES;
				SWIFT_VERSION = 5.0;
				TARGETED_DEVICE_FAMILY = "1,2";
			};
			name = Debug;
		};
		F39F33B42BD9416D00FAE616 /* Release */ = {
			isa = XCBuildConfiguration;
			buildSettings = {
				ASSETCATALOG_COMPILER_APPICON_NAME = AppIcon;
				ASSETCATALOG_COMPILER_GLOBAL_ACCENT_COLOR_NAME = AccentColor;
				CODE_SIGN_STYLE = Automatic;
				CURRENT_PROJECT_VERSION = 1;
				DEVELOPMENT_ASSET_PATHS = "\"MyToDoS/Preview Content\"";
				ENABLE_PREVIEWS = YES;
				GENERATE_INFOPLIST_FILE = YES;
				INFOPLIST_KEY_CFBundleDisplayName = ToDoS;
				INFOPLIST_KEY_UIApplicationSceneManifest_Generation = YES;
				INFOPLIST_KEY_UIApplicationSupportsIndirectInputEvents = YES;
				INFOPLIST_KEY_UILaunchScreen_Generation = YES;
				INFOPLIST_KEY_UISupportedInterfaceOrientations = UIInterfaceOrientationPortrait;
				LD_RUNPATH_SEARCH_PATHS = (
					"$(inherited)",
					"@executable_path/Frameworks",
				);
				MARKETING_VERSION = 1.0;
				PRODUCT_BUNDLE_IDENTIFIER = com.cipullogiuseppe.MyToDoS;
				PRODUCT_NAME = "$(TARGET_NAME)";
				SWIFT_EMIT_LOC_STRINGS = YES;
				SWIFT_VERSION = 5.0;
				TARGETED_DEVICE_FAMILY = "1,2";
			};
			name = Release;
		};
/* End XCBuildConfiguration section */

/* Begin XCConfigurationList section */
		F39F339F2BD9416C00FAE616 /* Build configuration list for PBXProject "MyToDoS" */ = {
			isa = XCConfigurationList;
			buildConfigurations = (
				F39F33B02BD9416D00FAE616 /* Debug */,
				F39F33B12BD9416D00FAE616 /* Release */,
			);
			defaultConfigurationIsVisible = 0;
			defaultConfigurationName = Release;
		};
		F39F33B22BD9416D00FAE616 /* Build configuration list for PBXNativeTarget "MyToDoS" */ = {
			isa = XCConfigurationList;
			buildConfigurations = (
				F39F33B32BD9416D00FAE616 /* Debug */,
				F39F33B42BD9416D00FAE616 /* Release */,
			);
			defaultConfigurationIsVisible = 0;
			defaultConfigurationName = Release;
		};
/* End XCConfigurationList section */

/* Begin XCRemoteSwiftPackageReference section */
		F39F33C32BD9476000FAE616 /* XCRemoteSwiftPackageReference "firebase-ios-sdk" */ = {
			isa = XCRemoteSwiftPackageReference;
			repositoryURL = "https://github.com/firebase/firebase-ios-sdk";
			requirement = {
				kind = upToNextMajorVersion;
				minimumVersion = 10.24.0;
			};
		};
/* End XCRemoteSwiftPackageReference section */

/* Begin XCSwiftPackageProductDependency section */
		F39F33C42BD9476000FAE616 /* FirebaseAuth */ = {
			isa = XCSwiftPackageProductDependency;
			package = F39F33C32BD9476000FAE616 /* XCRemoteSwiftPackageReference "firebase-ios-sdk" */;
			productName = FirebaseAuth;
		};
		F39F33C62BD9476000FAE616 /* FirebaseFirestore */ = {
			isa = XCSwiftPackageProductDependency;
			package = F39F33C32BD9476000FAE616 /* XCRemoteSwiftPackageReference "firebase-ios-sdk" */;
			productName = FirebaseFirestore;
		};
		F39F33C82BD9476000FAE616 /* FirebaseFirestoreSwift */ = {
			isa = XCSwiftPackageProductDependency;
			package = F39F33C32BD9476000FAE616 /* XCRemoteSwiftPackageReference "firebase-ios-sdk" */;
			productName = FirebaseFirestoreSwift;
		};
/* End XCSwiftPackageProductDependency section */
	};
	rootObject = F39F339C2BD9416C00FAE616 /* Project object */;
}
